github.com/fogleman/fauxgl v0.0.0-20180524200717-d89117924388 h1:bl5jk3ATFRVczgNCbv2Y9abQZ98/ggiHMkZE/KVJmG4=
github.com/fogleman/fauxgl v0.0.0-20180524200717-d89117924388/go.mod h1:7f7F8EvO8MWvDx9sIoloOfZBCKzlWuZV/h3TjpXOO3k=
github.com/fogleman/simplify v0.0.0-20170216171241-d32f302d5046 h1:n3RPbpwXSFT0G8FYslzMUBDO09Ix8/dlqzvUkcJm4Jk=
github.com/fogleman/simplify v0.0.0-20170216171241-d32f302d5046/go.mod h1:KDwyDqFmVUxUmo7tmqXtyaaJMdGon06y8BD2jmh84CQ=
github.com/nfnt/resize v0.0.0-20180221191011-83c6a9932646 h1:zYyBkD/k9seD2A7fsi6Oo2LfFZAehjjQMERAvZLEDnQ=
github.com/nfnt/resize v0.0.0-20180221191011-83c6a9932646/go.mod h1:jpp1/29i3P1S/RLdc7JQKbRpFeM1dOBd8T9ki5s+AY8=
github.com/openfaas-incubator/go-function-sdk v0.0.0-20181217173454-cac4b8744921 h1:IGP0tlTdv6r/zy3Kw61EhiXao61krCUs5KRHWSzCdxM=
github.com/openfaas-incubator/go-function-sdk v0.0.0-20181217173454-cac4b8744921/go.mod h1:F37Kp+hwdHP+o3UKjkGzikQg4weKiMvcegT9vCQjvjE=
